
Microsoft Visual Studio Solution File, Format Version 12.00
# Visual Studio Version 17
VisualStudioVersion = 17.2.32616.157
MinimumVisualStudioVersion = 10.0.40219.1
Project("{FAE04EC0-301F-11D3-BF4B-00C04F79EFBC}") = "veregant.sort_alghoritms", "veregant.sort_alghoritms\veregant.sort_alghoritms.csproj", "{7BA02122-06EB-4C56-8616-E2A565BFB74D}"
EndProject
Global
	GlobalSection(SolutionConfigurationPlatforms) = preSolution
		Debug|Any CPU = Debug|Any CPU
		Release|Any CPU = Release|Any CPU
	EndGlobalSection
	GlobalSection(ProjectConfigurationPlatforms) = postSolution
		{7BA02122-06EB-4C56-8616-E2A565BFB74D}.Debug|Any CPU.ActiveCfg = Debug|Any CPU
		{7BA02122-06EB-4C56-8616-E2A565BFB74D}.Debug|Any CPU.Build.0 = Debug|Any CPU
		{7BA02122-06EB-4C56-8616-E2A565BFB74D}.Release|Any CPU.ActiveCfg = Release|Any CPU
		{7BA02122-06EB-4C56-8616-E2A565BFB74D}.Release|Any CPU.Build.0 = Release|Any CPU
	EndGlobalSection
	GlobalSection(SolutionProperties) = preSolution
		HideSolutionNode = FALSE
	EndGlobalSection
	GlobalSection(ExtensibilityGlobals) = postSolution
		SolutionGuid = {8A82FC7C-5CDA-4E07-A90D-7D9FD527EB0A}
	EndGlobalSection
EndGlobal
